
Microsoft Visual Studio Solution File, Format Version 12.00
# Visual Studio Version 17
VisualStudioVersion = 17.9.34728.123
MinimumVisualStudioVersion = 10.0.40219.1
Project("{FAE04EC0-301F-11D3-BF4B-00C04F79EFBC}") = "WebApplication5", "WebApplication5.csproj", "{A3A821B4-5776-4083-8289-B4230814251F}"
EndProject
Global
	GlobalSection(SolutionConfigurationPlatforms) = preSolution
		Debug|Any CPU = Debug|Any CPU
		Release|Any CPU = Release|Any CPU
	EndGlobalSection
	GlobalSection(ProjectConfigurationPlatforms) = postSolution
		{A3A821B4-5776-4083-8289-B4230814251F}.Debug|Any CPU.ActiveCfg = Debug|Any CPU
		{A3A821B4-5776-4083-8289-B4230814251F}.Debug|Any CPU.Build.0 = Debug|Any CPU
		{A3A821B4-5776-4083-8289-B4230814251F}.Release|Any CPU.ActiveCfg = Release|Any CPU
		{A3A821B4-5776-4083-8289-B4230814251F}.Release|Any CPU.Build.0 = Release|Any CPU
	EndGlobalSection
	GlobalSection(SolutionProperties) = preSolution
		HideSolutionNode = FALSE
	EndGlobalSection
	GlobalSection(ExtensibilityGlobals) = postSolution
		SolutionGuid = {F8DD38C7-F86A-4030-90B2-1AAB3EF413EB}
	EndGlobalSection
EndGlobal
